
Microsoft Visual Studio Solution File, Format Version 12.00
# Visual Studio Version 16
VisualStudioVersion = 16.0.31911.196
MinimumVisualStudioVersion = 15.0.26124.0
Project("{2150E333-8FDC-42A3-9474-1A3956D46DE8}") = "src", "src", "{365BF3D5-0F85-46A2-9214-5A14F0F35080}"
EndProject
Project("{FAE04EC0-301F-11D3-BF4B-00C04F79EFBC}") = "Reporting.Api", "src\Reporting.Api\Reporting.Api.csproj", "{D02C7E86-BA48-4280-B86A-1B3559C39D5D}"
EndProject
Project("{FAE04EC0-301F-11D3-BF4B-00C04F79EFBC}") = "Reporting.Application", "src\Reporting.Application\Reporting.Application.csproj", "{CC44C96C-F320-4101-A7E3-A057B8AD1045}"
EndProject
Project("{FAE04EC0-301F-11D3-BF4B-00C04F79EFBC}") = "Reporting.Domain", "src\Reporting.Domain\Reporting.Domain.csproj", "{0B75DD24-2B1A-48C8-94FD-768C8F2652A9}"
EndProject
Project("{FAE04EC0-301F-11D3-BF4B-00C04F79EFBC}") = "Reporting.Persistence", "src\Reporting.Persistence\Reporting.Persistence.csproj", "{7A454F7A-A9AE-434B-9D58-3D8185812725}"
EndProject
Project("{2150E333-8FDC-42A3-9474-1A3956D46DE8}") = "tests", "tests", "{22F44309-BA6D-441F-A149-1BC6FF1FB128}"
EndProject
Project("{FAE04EC0-301F-11D3-BF4B-00C04F79EFBC}") = "IntegrationTest", "tests\IntegrationTest\IntegrationTest.csproj", "{C0B7AEC0-D93B-4A32-B963-DE5788E46E16}"
EndProject
Project("{FAE04EC0-301F-11D3-BF4B-00C04F79EFBC}") = "Function", "function\Function.csproj", "{2339BEDB-EE57-4C97-94DD-670AD0CC8196}"
EndProject
Project("{FAE04EC0-301F-11D3-BF4B-00C04F79EFBC}") = "Reporting.Worker", "src\Reporting.Worker\Reporting.Worker.csproj", "{34ABAA63-93BB-40DC-9EE0-EBE104E1B3FA}"
EndProject
Global
	GlobalSection(SolutionConfigurationPlatforms) = preSolution
		Debug|Any CPU = Debug|Any CPU
		Debug|x64 = Debug|x64
		Debug|x86 = Debug|x86
		Release|Any CPU = Release|Any CPU
		Release|x64 = Release|x64
		Release|x86 = Release|x86
	EndGlobalSection
	GlobalSection(ProjectConfigurationPlatforms) = postSolution
		{D02C7E86-BA48-4280-B86A-1B3559C39D5D}.Debug|Any CPU.ActiveCfg = Debug|Any CPU
		{D02C7E86-BA48-4280-B86A-1B3559C39D5D}.Debug|Any CPU.Build.0 = Debug|Any CPU
		{D02C7E86-BA48-4280-B86A-1B3559C39D5D}.Debug|x64.ActiveCfg = Debug|Any CPU
		{D02C7E86-BA48-4280-B86A-1B3559C39D5D}.Debug|x64.Build.0 = Debug|Any CPU
		{D02C7E86-BA48-4280-B86A-1B3559C39D5D}.Debug|x86.ActiveCfg = Debug|Any CPU
		{D02C7E86-BA48-4280-B86A-1B3559C39D5D}.Debug|x86.Build.0 = Debug|Any CPU
		{D02C7E86-BA48-4280-B86A-1B3559C39D5D}.Release|Any CPU.ActiveCfg = Release|Any CPU
		{D02C7E86-BA48-4280-B86A-1B3559C39D5D}.Release|Any CPU.Build.0 = Release|Any CPU
		{D02C7E86-BA48-4280-B86A-1B3559C39D5D}.Release|x64.ActiveCfg = Release|Any CPU
		{D02C7E86-BA48-4280-B86A-1B3559C39D5D}.Release|x64.Build.0 = Release|Any CPU
		{D02C7E86-BA48-4280-B86A-1B3559C39D5D}.Release|x86.ActiveCfg = Release|Any CPU
		{D02C7E86-BA48-4280-B86A-1B3559C39D5D}.Release|x86.Build.0 = Release|Any CPU
		{CC44C96C-F320-4101-A7E3-A057B8AD1045}.Debug|Any CPU.ActiveCfg = Debug|Any CPU
		{CC44C96C-F320-4101-A7E3-A057B8AD1045}.Debug|Any CPU.Build.0 = Debug|Any CPU
		{CC44C96C-F320-4101-A7E3-A057B8AD1045}.Debug|x64.ActiveCfg = Debug|Any CPU
		{CC44C96C-F320-4101-A7E3-A057B8AD1045}.Debug|x64.Build.0 = Debug|Any CPU
		{CC44C96C-F320-4101-A7E3-A057B8AD1045}.Debug|x86.ActiveCfg = Debug|Any CPU
		{CC44C96C-F320-4101-A7E3-A057B8AD1045}.Debug|x86.Build.0 = Debug|Any CPU
		{CC44C96C-F320-4101-A7E3-A057B8AD1045}.Release|Any CPU.ActiveCfg = Release|Any CPU
		{CC44C96C-F320-4101-A7E3-A057B8AD1045}.Release|Any CPU.Build.0 = Release|Any CPU
		{CC44C96C-F320-4101-A7E3-A057B8AD1045}.Release|x64.ActiveCfg = Release|Any CPU
		{CC44C96C-F320-4101-A7E3-A057B8AD1045}.Release|x64.Build.0 = Release|Any CPU
		{CC44C96C-F320-4101-A7E3-A057B8AD1045}.Release|x86.ActiveCfg = Release|Any CPU
		{CC44C96C-F320-4101-A7E3-A057B8AD1045}.Release|x86.Build.0 = Release|Any CPU
		{0B75DD24-2B1A-48C8-94FD-768C8F2652A9}.Debug|Any CPU.ActiveCfg = Debug|Any CPU
		{0B75DD24-2B1A-48C8-94FD-768C8F2652A9}.Debug|Any CPU.Build.0 = Debug|Any CPU
		{0B75DD24-2B1A-48C8-94FD-768C8F2652A9}.Debug|x64.ActiveCfg = Debug|Any CPU
		{0B75DD24-2B1A-48C8-94FD-768C8F2652A9}.Debug|x64.Build.0 = Debug|Any CPU
		{0B75DD24-2B1A-48C8-94FD-768C8F2652A9}.Debug|x86.ActiveCfg = Debug|Any CPU
		{0B75DD24-2B1A-48C8-94FD-768C8F2652A9}.Debug|x86.Build.0 = Debug|Any CPU
		{0B75DD24-2B1A-48C8-94FD-768C8F2652A9}.Release|Any CPU.ActiveCfg = Release|Any CPU
		{0B75DD24-2B1A-48C8-94FD-768C8F2652A9}.Release|Any CPU.Build.0 = Release|Any CPU
		{0B75DD24-2B1A-48C8-94FD-768C8F2652A9}.Release|x64.ActiveCfg = Release|Any CPU
		{0B75DD24-2B1A-48C8-94FD-768C8F2652A9}.Release|x64.Build.0 = Release|Any CPU
		{0B75DD24-2B1A-48C8-94FD-768C8F2652A9}.Release|x86.ActiveCfg = Release|Any CPU
		{0B75DD24-2B1A-48C8-94FD-768C8F2652A9}.Release|x86.Build.0 = Release|Any CPU
		{7A454F7A-A9AE-434B-9D58-3D8185812725}.Debug|Any CPU.ActiveCfg = Debug|Any CPU
		{7A454F7A-A9AE-434B-9D58-3D8185812725}.Debug|Any CPU.Build.0 = Debug|Any CPU
		{7A454F7A-A9AE-434B-9D58-3D8185812725}.Debug|x64.ActiveCfg = Debug|Any CPU
		{7A454F7A-A9AE-434B-9D58-3D8185812725}.Debug|x64.Build.0 = Debug|Any CPU
		{7A454F7A-A9AE-434B-9D58-3D8185812725}.Debug|x86.ActiveCfg = Debug|Any CPU
		{7A454F7A-A9AE-434B-9D58-3D8185812725}.Debug|x86.Build.0 = Debug|Any CPU
		{7A454F7A-A9AE-434B-9D58-3D8185812725}.Release|Any CPU.ActiveCfg = Release|Any CPU
		{7A454F7A-A9AE-434B-9D58-3D8185812725}.Release|Any CPU.Build.0 = Release|Any CPU
		{7A454F7A-A9AE-434B-9D58-3D8185812725}.Release|x64.ActiveCfg = Release|Any CPU
		{7A454F7A-A9AE-434B-9D58-3D8185812725}.Release|x64.Build.0 = Release|Any CPU
		{7A454F7A-A9AE-434B-9D58-3D8185812725}.Release|x86.ActiveCfg = Release|Any CPU
		{7A454F7A-A9AE-434B-9D58-3D8185812725}.Release|x86.Build.0 = Release|Any CPU
		{C0B7AEC0-D93B-4A32-B963-DE5788E46E16}.Debug|Any CPU.ActiveCfg = Debug|Any CPU
		{C0B7AEC0-D93B-4A32-B963-DE5788E46E16}.Debug|Any CPU.Build.0 = Debug|Any CPU
		{C0B7AEC0-D93B-4A32-B963-DE5788E46E16}.Debug|x64.ActiveCfg = Debug|Any CPU
		{C0B7AEC0-D93B-4A32-B963-DE5788E46E16}.Debug|x64.Build.0 = Debug|Any CPU
		{C0B7AEC0-D93B-4A32-B963-DE5788E46E16}.Debug|x86.ActiveCfg = Debug|Any CPU
		{C0B7AEC0-D93B-4A32-B963-DE5788E46E16}.Debug|x86.Build.0 = Debug|Any CPU
		{C0B7AEC0-D93B-4A32-B963-DE5788E46E16}.Release|Any CPU.ActiveCfg = Release|Any CPU
		{C0B7AEC0-D93B-4A32-B963-DE5788E46E16}.Release|Any CPU.Build.0 = Release|Any CPU
		{C0B7AEC0-D93B-4A32-B963-DE5788E46E16}.Release|x64.ActiveCfg = Release|Any CPU
		{C0B7AEC0-D93B-4A32-B963-DE5788E46E16}.Release|x64.Build.0 = Release|Any CPU
		{C0B7AEC0-D93B-4A32-B963-DE5788E46E16}.Release|x86.ActiveCfg = Release|Any CPU
		{C0B7AEC0-D93B-4A32-B963-DE5788E46E16}.Release|x86.Build.0 = Release|Any CPU
		{2339BEDB-EE57-4C97-94DD-670AD0CC8196}.Debug|Any CPU.ActiveCfg = Debug|Any CPU
		{2339BEDB-EE57-4C97-94DD-670AD0CC8196}.Debug|Any CPU.Build.0 = Debug|Any CPU
		{2339BEDB-EE57-4C97-94DD-670AD0CC8196}.Debug|x64.ActiveCfg = Debug|Any CPU
		{2339BEDB-EE57-4C97-94DD-670AD0CC8196}.Debug|x64.Build.0 = Debug|Any CPU
		{2339BEDB-EE57-4C97-94DD-670AD0CC8196}.Debug|x86.ActiveCfg = Debug|Any CPU
		{2339BEDB-EE57-4C97-94DD-670AD0CC8196}.Debug|x86.Build.0 = Debug|Any CPU
		{2339BEDB-EE57-4C97-94DD-670AD0CC8196}.Release|Any CPU.ActiveCfg = Release|Any CPU
		{2339BEDB-EE57-4C97-94DD-670AD0CC8196}.Release|Any CPU.Build.0 = Release|Any CPU
		{2339BEDB-EE57-4C97-94DD-670AD0CC8196}.Release|x64.ActiveCfg = Release|Any CPU
		{2339BEDB-EE57-4C97-94DD-670AD0CC8196}.Release|x64.Build.0 = Release|Any CPU
		{2339BEDB-EE57-4C97-94DD-670AD0CC8196}.Release|x86.ActiveCfg = Release|Any CPU
		{2339BEDB-EE57-4C97-94DD-670AD0CC8196}.Release|x86.Build.0 = Release|Any CPU
		{34ABAA63-93BB-40DC-9EE0-EBE104E1B3FA}.Debug|Any CPU.ActiveCfg = Debug|Any CPU
		{34ABAA63-93BB-40DC-9EE0-EBE104E1B3FA}.Debug|Any CPU.Build.0 = Debug|Any CPU
		{34ABAA63-93BB-40DC-9EE0-EBE104E1B3FA}.Debug|x64.ActiveCfg = Debug|Any CPU
		{34ABAA63-93BB-40DC-9EE0-EBE104E1B3FA}.Debug|x64.Build.0 = Debug|Any CPU
		{34ABAA63-93BB-40DC-9EE0-EBE104E1B3FA}.Debug|x86.ActiveCfg = Debug|Any CPU
		{34ABAA63-93BB-40DC-9EE0-EBE104E1B3FA}.Debug|x86.Build.0 = Debug|Any CPU
		{34ABAA63-93BB-40DC-9EE0-EBE104E1B3FA}.Release|Any CPU.ActiveCfg = Release|Any CPU
		{34ABAA63-93BB-40DC-9EE0-EBE104E1B3FA}.Release|Any CPU.Build.0 = Release|Any CPU
		{34ABAA63-93BB-40DC-9EE0-EBE104E1B3FA}.Release|x64.ActiveCfg = Release|Any CPU
		{34ABAA63-93BB-40DC-9EE0-EBE104E1B3FA}.Release|x64.Build.0 = Release|Any CPU
		{34ABAA63-93BB-40DC-9EE0-EBE104E1B3FA}.Release|x86.ActiveCfg = Release|Any CPU
		{34ABAA63-93BB-40DC-9EE0-EBE104E1B3FA}.Release|x86.Build.0 = Release|Any CPU
	EndGlobalSection
	GlobalSection(SolutionProperties) = preSolution
		HideSolutionNode = FALSE
	EndGlobalSection
	GlobalSection(ExtensibilityGlobals) = postSolution
		SolutionGuid = {FDCED55E-94A6-4850-8A49-E74759379EFC}
	EndGlobalSection
	GlobalSection(NestedProjects) = preSolution
		{D02C7E86-BA48-4280-B86A-1B3559C39D5D} = {365BF3D5-0F85-46A2-9214-5A14F0F35080}
		{CC44C96C-F320-4101-A7E3-A057B8AD1045} = {365BF3D5-0F85-46A2-9214-5A14F0F35080}
		{0B75DD24-2B1A-48C8-94FD-768C8F2652A9} = {365BF3D5-0F85-46A2-9214-5A14F0F35080}
		{7A454F7A-A9AE-434B-9D58-3D8185812725} = {365BF3D5-0F85-46A2-9214-5A14F0F35080}
		{C0B7AEC0-D93B-4A32-B963-DE5788E46E16} = {22F44309-BA6D-441F-A149-1BC6FF1FB128}
		{34ABAA63-93BB-40DC-9EE0-EBE104E1B3FA} = {365BF3D5-0F85-46A2-9214-5A14F0F35080}
	EndGlobalSection
EndGlobal
